// !$*UTF8*$!
{
	archiveVersion = 1;
	classes = {
	};
	objectVersion = 50;
	objects = {

/* Begin PBXBuildFile section */
		C555995825EC216D00AF9369 /* main.cpp in Sources */ = {isa = PBXBuildFile; fileRef = C555995725EC216D00AF9369 /* main.cpp */; };
		C555996325EC21C700AF9369 /* Matrix.cpp in Sources */ = {isa = PBXBuildFile; fileRef = C555996225EC21C700AF9369 /* Matrix.cpp */; };
		C555996825EC21F300AF9369 /* Layer.cpp in Sources */ = {isa = PBXBuildFile; fileRef = C555996625EC21F300AF9369 /* Layer.cpp */; };
		C555996C25EC221900AF9369 /* NN.cpp in Sources */ = {isa = PBXBuildFile; fileRef = C555996A25EC221900AF9369 /* NN.cpp */; };
/* End PBXBuildFile section */

/* Begin PBXCopyFilesBuildPhase section */
		C555995225EC216D00AF9369 /* CopyFiles */ = {
			isa = PBXCopyFilesBuildPhase;
			buildActionMask = 2147483647;
			dstPath = /usr/share/man/man1/;
			dstSubfolderSpec = 0;
			files = (
			);
			runOnlyForDeploymentPostprocessing = 1;
		};
/* End PBXCopyFilesBuildPhase section */

/* Begin PBXFileReference section */
		C555995425EC216D00AF9369 /* Neural_Net_Library */ = {isa = PBXFileReference; explicitFileType = "compiled.mach-o.executable"; includeInIndex = 0; path = Neural_Net_Library; sourceTree = BUILT_PRODUCTS_DIR; };
		C555995725EC216D00AF9369 /* main.cpp */ = {isa = PBXFileReference; lastKnownFileType = sourcecode.cpp.cpp; path = main.cpp; sourceTree = "<group>"; };
		C555996125EC21B800AF9369 /* Matrix.h */ = {isa = PBXFileReference; lastKnownFileType = sourcecode.c.h; path = Matrix.h; sourceTree = "<group>"; };
		C555996225EC21C700AF9369 /* Matrix.cpp */ = {isa = PBXFileReference; lastKnownFileType = sourcecode.cpp.cpp; path = Matrix.cpp; sourceTree = "<group>"; };
		C555996625EC21F300AF9369 /* Layer.cpp */ = {isa = PBXFileReference; lastKnownFileType = sourcecode.cpp.cpp; path = Layer.cpp; sourceTree = "<group>"; };
		C555996725EC21F300AF9369 /* Layer.hpp */ = {isa = PBXFileReference; lastKnownFileType = sourcecode.cpp.h; path = Layer.hpp; sourceTree = "<group>"; };
		C555996A25EC221900AF9369 /* NN.cpp */ = {isa = PBXFileReference; lastKnownFileType = sourcecode.cpp.cpp; path = NN.cpp; sourceTree = "<group>"; xcLanguageSpecificationIdentifier = xcode.lang.cpp; };
		C555996B25EC221900AF9369 /* NN.hpp */ = {isa = PBXFileReference; lastKnownFileType = sourcecode.cpp.h; path = NN.hpp; sourceTree = "<group>"; };
/* End PBXFileReference section */

/* Begin PBXFrameworksBuildPhase section */
		C555995125EC216D00AF9369 /* Frameworks */ = {
			isa = PBXFrameworksBuildPhase;
			buildActionMask = 2147483647;
			files = (
			);
			runOnlyForDeploymentPostprocessing = 0;
		};
/* End PBXFrameworksBuildPhase section */

/* Begin PBXGroup section */
		C555994B25EC216D00AF9369 = {
			isa = PBXGroup;
			children = (
				C555995625EC216D00AF9369 /* Neural_Net_Library */,
				C555995525EC216D00AF9369 /* Products */,
			);
			sourceTree = "<group>";
		};
		C555995525EC216D00AF9369 /* Products */ = {
			isa = PBXGroup;
			children = (
				C555995425EC216D00AF9369 /* Neural_Net_Library */,
			);
			name = Products;
			sourceTree = "<group>";
		};
		C555995625EC216D00AF9369 /* Neural_Net_Library */ = {
			isa = PBXGroup;
			children = (
				C555995F25EC219500AF9369 /* Headers */,
				C555996025EC21A100AF9369 /* Sources */,
				C555995725EC216D00AF9369 /* main.cpp */,
			);
			path = Neural_Net_Library;
			sourceTree = "<group>";
		};
		C555995F25EC219500AF9369 /* Headers */ = {
			isa = PBXGroup;
			children = (
				C555996725EC21F300AF9369 /* Layer.hpp */,
				C555996125EC21B800AF9369 /* Matrix.h */,
				C555996B25EC221900AF9369 /* NN.hpp */,
			);
			path = Headers;
			sourceTree = "<group>";
		};
		C555996025EC21A100AF9369 /* Sources */ = {
			isa = PBXGroup;
			children = (
				C555996225EC21C700AF9369 /* Matrix.cpp */,
				C555996625EC21F300AF9369 /* Layer.cpp */,
				C555996A25EC221900AF9369 /* NN.cpp */,
			);
			path = Sources;
			sourceTree = "<group>";
		};
/* End PBXGroup section */

/* Begin PBXNativeTarget section */
		C555995325EC216D00AF9369 /* Neural_Net_Library */ = {
			isa = PBXNativeTarget;
			buildConfigurationList = C555995B25EC216D00AF9369 /* Build configuration list for PBXNativeTarget "Neural_Net_Library" */;
			buildPhases = (
				C555995025EC216D00AF9369 /* Sources */,
				C555995125EC216D00AF9369 /* Frameworks */,
				C555995225EC216D00AF9369 /* CopyFiles */,
			);
			buildRules = (
			);
			dependencies = (
			);
			name = Neural_Net_Library;
			productName = Neural_Net_Library;
			productReference = C555995425EC216D00AF9369 /* Neural_Net_Library */;
			productType = "com.apple.product-type.tool";
		};
/* End PBXNativeTarget section */

/* Begin PBXProject section */
		C555994C25EC216D00AF9369 /* Project object */ = {
			isa = PBXProject;
			attributes = {
				LastUpgradeCheck = 1240;
				TargetAttributes = {
					C555995325EC216D00AF9369 = {
						CreatedOnToolsVersion = 12.4;
					};
				};
			};
			buildConfigurationList = C555994F25EC216D00AF9369 /* Build configuration list for PBXProject "Neural_Net_Library" */;
			compatibilityVersion = "Xcode 9.3";
			developmentRegion = en;
			hasScannedForEncodings = 0;
			knownRegions = (
				en,
				Base,
			);
			mainGroup = C555994B25EC216D00AF9369;
			productRefGroup = C555995525EC216D00AF9369 /* Products */;
			projectDirPath = "";
			projectRoot = "";
			targets = (
				C555995325EC216D00AF9369 /* Neural_Net_Library */,
			);
		};
/* End PBXProject section */

/* Begin PBXSourcesBuildPhase section */
		C555995025EC216D00AF9369 /* Sources */ = {
			isa = PBXSourcesBuildPhase;
			buildActionMask = 2147483647;
			files = (
				C555996825EC21F300AF9369 /* Layer.cpp in Sources */,
				C555996325EC21C700AF9369 /* Matrix.cpp in Sources */,
				C555995825EC216D00AF9369 /* main.cpp in Sources */,
				C555996C25EC221900AF9369 /* NN.cpp in Sources */,
			);
			runOnlyForDeploymentPostprocessing = 0;
		};
/* End PBXSourcesBuildPhase section */

/* Begin XCBuildConfiguration section */
		C555995925EC216D00AF9369 /* Debug */ = {
			isa = XCBuildConfiguration;
			buildSettings = {
				ALWAYS_SEARCH_USER_PATHS = NO;
				CLANG_ANALYZER_NONNULL = YES;
				CLANG_ANALYZER_NUMBER_OBJECT_CONVERSION = YES_AGGRESSIVE;
				CLANG_CXX_LANGUAGE_STANDARD = "gnu++14";
				CLANG_CXX_LIBRARY = "libc++";
				CLANG_ENABLE_MODULES = YES;
				CLANG_ENABLE_OBJC_ARC = YES;
				CLANG_ENABLE_OBJC_WEAK = YES;
				CLANG_WARN_BLOCK_CAPTURE_AUTORELEASING = YES;
				CLANG_WARN_BOOL_CONVERSION = YES;
				CLANG_WARN_COMMA = YES;
				CLANG_WARN_CONSTANT_CONVERSION = YES;
				CLANG_WARN_DEPRECATED_OBJC_IMPLEMENTATIONS = YES;
				CLANG_WARN_DIRECT_OBJC_ISA_USAGE = YES_ERROR;
				CLANG_WARN_DOCUMENTATION_COMMENTS = YES;
				CLANG_WARN_EMPTY_BODY = YES;
				CLANG_WARN_ENUM_CONVERSION = YES;
				CLANG_WARN_INFINITE_RECURSION = YES;
				CLANG_WARN_INT_CONVERSION = YES;
				CLANG_WARN_NON_LITERAL_NULL_CONVERSION = YES;
				CLANG_WARN_OBJC_IMPLICIT_RETAIN_SELF = YES;
				CLANG_WARN_OBJC_LITERAL_CONVERSION = YES;
				CLANG_WARN_OBJC_ROOT_CLASS = YES_ERROR;
				CLANG_WARN_QUOTED_INCLUDE_IN_FRAMEWORK_HEADER = YES;
				CLANG_WARN_RANGE_LOOP_ANALYSIS = YES;
				CLANG_WARN_STRICT_PROTOTYPES = YES;
				CLANG_WARN_SUSPICIOUS_MOVE = YES;
				CLANG_WARN_UNGUARDED_AVAILABILITY = YES_AGGRESSIVE;
				CLANG_WARN_UNREACHABLE_CODE = YES;
				CLANG_WARN__DUPLICATE_METHOD_MATCH = YES;
				COPY_PHASE_STRIP = NO;
				DEBUG_INFORMATION_FORMAT = dwarf;
				ENABLE_STRICT_OBJC_MSGSEND = YES;
				ENABLE_TESTABILITY = YES;
				GCC_C_LANGUAGE_STANDARD = gnu11;
				GCC_DYNAMIC_NO_PIC = NO;
				GCC_NO_COMMON_BLOCKS = YES;
				GCC_OPTIMIZATION_LEVEL = 0;
				GCC_PREPROCESSOR_DEFINITIONS = (
					"DEBUG=1",
					"$(inherited)",
				);
				GCC_WARN_64_TO_32_BIT_CONVERSION = YES;
				GCC_WARN_ABOUT_RETURN_TYPE = YES_ERROR;
				GCC_WARN_UNDECLARED_SELECTOR = YES;
				GCC_WARN_UNINITIALIZED_AUTOS = YES_AGGRESSIVE;
				GCC_WARN_UNUSED_FUNCTION = YES;
				GCC_WARN_UNUSED_VARIABLE = YES;
				MACOSX_DEPLOYMENT_TARGET = 11.1;
				MTL_ENABLE_DEBUG_INFO = INCLUDE_SOURCE;
				MTL_FAST_MATH = YES;
				ONLY_ACTIVE_ARCH = YES;
				SDKROOT = macosx;
			};
			name = Debug;
		};
		C555995A25EC216D00AF9369 /* Release */ = {
			isa = XCBuildConfiguration;
			buildSettings = {
				ALWAYS_SEARCH_USER_PATHS = NO;
				CLANG_ANALYZER_NONNULL = YES;
				CLANG_ANALYZER_NUMBER_OBJECT_CONVERSION = YES_AGGRESSIVE;
				CLANG_CXX_LANGUAGE_STANDARD = "gnu++14";
				CLANG_CXX_LIBRARY = "libc++";
				CLANG_ENABLE_MODULES = YES;
				CLANG_ENABLE_OBJC_ARC = YES;
				CLANG_ENABLE_OBJC_WEAK = YES;
				CLANG_WARN_BLOCK_CAPTURE_AUTORELEASING = YES;
				CLANG_WARN_BOOL_CONVERSION = YES;
				CLANG_WARN_COMMA = YES;
				CLANG_WARN_CONSTANT_CONVERSION = YES;
				CLANG_WARN_DEPRECATED_OBJC_IMPLEMENTATIONS = YES;
				CLANG_WARN_DIRECT_OBJC_ISA_USAGE = YES_ERROR;
				CLANG_WARN_DOCUMENTATION_COMMENTS = YES;
				CLANG_WARN_EMPTY_BODY = YES;
				CLANG_WARN_ENUM_CONVERSION = YES;
				CLANG_WARN_INFINITE_RECURSION = YES;
				CLANG_WARN_INT_CONVERSION = YES;
				CLANG_WARN_NON_LITERAL_NULL_CONVERSION = YES;
				CLANG_WARN_OBJC_IMPLICIT_RETAIN_SELF = YES;
				CLANG_WARN_OBJC_LITERAL_CONVERSION = YES;
				CLANG_WARN_OBJC_ROOT_CLASS = YES_ERROR;
				CLANG_WARN_QUOTED_INCLUDE_IN_FRAMEWORK_HEADER = YES;
				CLANG_WARN_RANGE_LOOP_ANALYSIS = YES;
				CLANG_WARN_STRICT_PROTOTYPES = YES;
				CLANG_WARN_SUSPICIOUS_MOVE = YES;
				CLANG_WARN_UNGUARDED_AVAILABILITY = YES_AGGRESSIVE;
				CLANG_WARN_UNREACHABLE_CODE = YES;
				CLANG_WARN__DUPLICATE_METHOD_MATCH = YES;
				COPY_PHASE_STRIP = NO;
				DEBUG_INFORMATION_FORMAT = "dwarf-with-dsym";
				ENABLE_NS_ASSERTIONS = NO;
				ENABLE_STRICT_OBJC_MSGSEND = YES;
				GCC_C_LANGUAGE_STANDARD = gnu11;
				GCC_NO_COMMON_BLOCKS = YES;
				GCC_WARN_64_TO_32_BIT_CONVERSION = YES;
				GCC_WARN_ABOUT_RETURN_TYPE = YES_ERROR;
				GCC_WARN_UNDECLARED_SELECTOR = YES;
				GCC_WARN_UNINITIALIZED_AUTOS = YES_AGGRESSIVE;
				GCC_WARN_UNUSED_FUNCTION = YES;
				GCC_WARN_UNUSED_VARIABLE = YES;
				MACOSX_DEPLOYMENT_TARGET = 11.1;
				MTL_ENABLE_DEBUG_INFO = NO;
				MTL_FAST_MATH = YES;
				SDKROOT = macosx;
			};
			name = Release;
		};
		C555995C25EC216D00AF9369 /* Debug */ = {
			isa = XCBuildConfiguration;
			buildSettings = {
				CODE_SIGN_STYLE = Automatic;
				DEVELOPMENT_TEAM = NGD2YKJV75;
				ENABLE_HARDENED_RUNTIME = YES;
				PRODUCT_NAME = "$(TARGET_NAME)";
			};
			name = Debug;
		};
		C555995D25EC216D00AF9369 /* Release */ = {
			isa = XCBuildConfiguration;
			buildSettings = {
				CODE_SIGN_STYLE = Automatic;
				DEVELOPMENT_TEAM = NGD2YKJV75;
				ENABLE_HARDENED_RUNTIME = YES;
				PRODUCT_NAME = "$(TARGET_NAME)";
			};
			name = Release;
		};
/* End XCBuildConfiguration section */

/* Begin XCConfigurationList section */
		C555994F25EC216D00AF9369 /* Build configuration list for PBXProject "Neural_Net_Library" */ = {
			isa = XCConfigurationList;
			buildConfigurations = (
				C555995925EC216D00AF9369 /* Debug */,
				C555995A25EC216D00AF9369 /* Release */,
			);
			defaultConfigurationIsVisible = 0;
			defaultConfigurationName = Release;
		};
		C555995B25EC216D00AF9369 /* Build configuration list for PBXNativeTarget "Neural_Net_Library" */ = {
			isa = XCConfigurationList;
			buildConfigurations = (
				C555995C25EC216D00AF9369 /* Debug */,
				C555995D25EC216D00AF9369 /* Release */,
			);
			defaultConfigurationIsVisible = 0;
			defaultConfigurationName = Release;
		};
/* End XCConfigurationList section */
	};
	rootObject = C555994C25EC216D00AF9369 /* Project object */;
}
